// !$*UTF8*$!
{
	archiveVersion = 1;
	classes = {
	};
	objectVersion = 50;
	objects = {

/* Begin PBXBuildFile section */
		6F09BD56269D8AB000C4F619 /* AppDelegate.swift in Sources */ = {isa = PBXBuildFile; fileRef = 6F09BD55269D8AB000C4F619 /* AppDelegate.swift */; };
		6F09BD58269D8AB000C4F619 /* SceneDelegate.swift in Sources */ = {isa = PBXBuildFile; fileRef = 6F09BD57269D8AB000C4F619 /* SceneDelegate.swift */; };
		6F09BD5A269D8AB000C4F619 /* ViewController.swift in Sources */ = {isa = PBXBuildFile; fileRef = 6F09BD59269D8AB000C4F619 /* ViewController.swift */; };
		6F09BD5D269D8AB000C4F619 /* Main.storyboard in Resources */ = {isa = PBXBuildFile; fileRef = 6F09BD5B269D8AB000C4F619 /* Main.storyboard */; };
		6F09BD62269D8AB100C4F619 /* LaunchScreen.storyboard in Resources */ = {isa = PBXBuildFile; fileRef = 6F09BD60269D8AB100C4F619 /* LaunchScreen.storyboard */; };
		6F09BD73269DA74500C4F619 /* ApiCallingStruct.swift in Sources */ = {isa = PBXBuildFile; fileRef = 6F09BD72269DA74500C4F619 /* ApiCallingStruct.swift */; };
		6F09BD76269DAF9600C4F619 /* JsonDataAsStruct.swift in Sources */ = {isa = PBXBuildFile; fileRef = 6F09BD75269DAF9600C4F619 /* JsonDataAsStruct.swift */; };
		6F259FF3269ECD7C000D5C33 /* WeeklyViewController.swift in Sources */ = {isa = PBXBuildFile; fileRef = 6F259FF2269ECD7C000D5C33 /* WeeklyViewController.swift */; };
		6F259FF7269F03B4000D5C33 /* WeeklyJsonDataAsStruct.swift in Sources */ = {isa = PBXBuildFile; fileRef = 6F259FF6269F03B4000D5C33 /* WeeklyJsonDataAsStruct.swift */; };
		6F30A6DE26A53CD800518524 /* extension+Built+in+Classes.swift in Sources */ = {isa = PBXBuildFile; fileRef = 6F30A6DD26A53CD800518524 /* extension+Built+in+Classes.swift */; };
		6F409B4C26A429B500801691 /* Assets.xcassets in Resources */ = {isa = PBXBuildFile; fileRef = 6F409B4B26A429B400801691 /* Assets.xcassets */; };
/* End PBXBuildFile section */

/* Begin PBXFileReference section */
		6F09BD52269D8AB000C4F619 /* demo-weather-app-1.app */ = {isa = PBXFileReference; explicitFileType = wrapper.application; includeInIndex = 0; path = "demo-weather-app-1.app"; sourceTree = BUILT_PRODUCTS_DIR; };
		6F09BD55269D8AB000C4F619 /* AppDelegate.swift */ = {isa = PBXFileReference; lastKnownFileType = sourcecode.swift; path = AppDelegate.swift; sourceTree = "<group>"; };
		6F09BD57269D8AB000C4F619 /* SceneDelegate.swift */ = {isa = PBXFileReference; lastKnownFileType = sourcecode.swift; path = SceneDelegate.swift; sourceTree = "<group>"; };
		6F09BD59269D8AB000C4F619 /* ViewController.swift */ = {isa = PBXFileReference; lastKnownFileType = sourcecode.swift; path = ViewController.swift; sourceTree = "<group>"; };
		6F09BD5C269D8AB000C4F619 /* Base */ = {isa = PBXFileReference; lastKnownFileType = file.storyboard; name = Base; path = Base.lproj/Main.storyboard; sourceTree = "<group>"; };
		6F09BD61269D8AB100C4F619 /* Base */ = {isa = PBXFileReference; lastKnownFileType = file.storyboard; name = Base; path = Base.lproj/LaunchScreen.storyboard; sourceTree = "<group>"; };
		6F09BD63269D8AB100C4F619 /* Info.plist */ = {isa = PBXFileReference; lastKnownFileType = text.plist.xml; path = Info.plist; sourceTree = "<group>"; };
		6F09BD72269DA74500C4F619 /* ApiCallingStruct.swift */ = {isa = PBXFileReference; lastKnownFileType = sourcecode.swift; path = ApiCallingStruct.swift; sourceTree = "<group>"; };
		6F09BD75269DAF9600C4F619 /* JsonDataAsStruct.swift */ = {isa = PBXFileReference; lastKnownFileType = sourcecode.swift; path = JsonDataAsStruct.swift; sourceTree = "<group>"; };
		6F259FF2269ECD7C000D5C33 /* WeeklyViewController.swift */ = {isa = PBXFileReference; lastKnownFileType = sourcecode.swift; name = WeeklyViewController.swift; path = "demo-weather-app-1/Controller/WeeklyViewController.swift"; sourceTree = SOURCE_ROOT; };
		6F259FF6269F03B4000D5C33 /* WeeklyJsonDataAsStruct.swift */ = {isa = PBXFileReference; lastKnownFileType = sourcecode.swift; path = WeeklyJsonDataAsStruct.swift; sourceTree = "<group>"; };
		6F30A6DD26A53CD800518524 /* extension+Built+in+Classes.swift */ = {isa = PBXFileReference; lastKnownFileType = sourcecode.swift; path = "extension+Built+in+Classes.swift"; sourceTree = "<group>"; };
		6F409B4B26A429B400801691 /* Assets.xcassets */ = {isa = PBXFileReference; lastKnownFileType = folder.assetcatalog; path = Assets.xcassets; sourceTree = "<group>"; };
/* End PBXFileReference section */

/* Begin PBXFrameworksBuildPhase section */
		6F09BD4F269D8AB000C4F619 /* Frameworks */ = {
			isa = PBXFrameworksBuildPhase;
			buildActionMask = 2147483647;
			files = (
			);
			runOnlyForDeploymentPostprocessing = 0;
		};
/* End PBXFrameworksBuildPhase section */

/* Begin PBXGroup section */
		6F09BD49269D8AB000C4F619 = {
			isa = PBXGroup;
			children = (
				6F09BD54269D8AB000C4F619 /* demo-weather-app-1 */,
				6F09BD53269D8AB000C4F619 /* Products */,
			);
			sourceTree = "<group>";
		};
		6F09BD53269D8AB000C4F619 /* Products */ = {
			isa = PBXGroup;
			children = (
				6F09BD52269D8AB000C4F619 /* demo-weather-app-1.app */,
			);
			name = Products;
			sourceTree = "<group>";
		};
		6F09BD54269D8AB000C4F619 /* demo-weather-app-1 */ = {
			isa = PBXGroup;
			children = (
				6F09BD70269D97C000C4F619 /* Model */,
				6F09BD6A269D8ABE00C4F619 /* Supporting files */,
				6F09BD6C269D8ACE00C4F619 /* Controller */,
				6F09BD6E269D8ADC00C4F619 /* View */,
				6F09BD63269D8AB100C4F619 /* Info.plist */,
			);
			path = "demo-weather-app-1";
			sourceTree = "<group>";
		};
		6F09BD6A269D8ABE00C4F619 /* Supporting files */ = {
			isa = PBXGroup;
			children = (
				6F30A6DD26A53CD800518524 /* extension+Built+in+Classes.swift */,
				6F09BD60269D8AB100C4F619 /* LaunchScreen.storyboard */,
				6F409B4B26A429B400801691 /* Assets.xcassets */,
				6F09BD55269D8AB000C4F619 /* AppDelegate.swift */,
				6F09BD57269D8AB000C4F619 /* SceneDelegate.swift */,
			);
			path = "Supporting files";
			sourceTree = "<group>";
		};
		6F09BD6C269D8ACE00C4F619 /* Controller */ = {
			isa = PBXGroup;
			children = (
				6F259FF2269ECD7C000D5C33 /* WeeklyViewController.swift */,
				6F09BD59269D8AB000C4F619 /* ViewController.swift */,
			);
			path = Controller;
			sourceTree = "<group>";
		};
		6F09BD6E269D8ADC00C4F619 /* View */ = {
			isa = PBXGroup;
			children = (
				6F09BD5B269D8AB000C4F619 /* Main.storyboard */,
			);
			path = View;
			sourceTree = "<group>";
		};
		6F09BD70269D97C000C4F619 /* Model */ = {
			isa = PBXGroup;
			children = (
				6F09BD72269DA74500C4F619 /* ApiCallingStruct.swift */,
				6F09BD75269DAF9600C4F619 /* JsonDataAsStruct.swift */,
				6F259FF6269F03B4000D5C33 /* WeeklyJsonDataAsStruct.swift */,
			);
			path = Model;
			sourceTree = "<group>";
		};
/* End PBXGroup section */

/* Begin PBXNativeTarget section */
		6F09BD51269D8AB000C4F619 /* demo-weather-app-1 */ = {
			isa = PBXNativeTarget;
			buildConfigurationList = 6F09BD66269D8AB100C4F619 /* Build configuration list for PBXNativeTarget "demo-weather-app-1" */;
			buildPhases = (
				6F09BD4E269D8AB000C4F619 /* Sources */,
				6F09BD4F269D8AB000C4F619 /* Frameworks */,
				6F09BD50269D8AB000C4F619 /* Resources */,
			);
			buildRules = (
			);
			dependencies = (
			);
			name = "demo-weather-app-1";
			productName = "demo-weather-app-1";
			productReference = 6F09BD52269D8AB000C4F619 /* demo-weather-app-1.app */;
			productType = "com.apple.product-type.application";
		};
/* End PBXNativeTarget section */

/* Begin PBXProject section */
		6F09BD4A269D8AB000C4F619 /* Project object */ = {
			isa = PBXProject;
			attributes = {
				LastSwiftUpdateCheck = 1240;
				LastUpgradeCheck = 1240;
				TargetAttributes = {
					6F09BD51269D8AB000C4F619 = {
						CreatedOnToolsVersion = 12.4;
					};
				};
			};
			buildConfigurationList = 6F09BD4D269D8AB000C4F619 /* Build configuration list for PBXProject "demo-weather-app-1" */;
			compatibilityVersion = "Xcode 9.3";
			developmentRegion = en;
			hasScannedForEncodings = 0;
			knownRegions = (
				en,
				Base,
			);
			mainGroup = 6F09BD49269D8AB000C4F619;
			productRefGroup = 6F09BD53269D8AB000C4F619 /* Products */;
			projectDirPath = "";
			projectRoot = "";
			targets = (
				6F09BD51269D8AB000C4F619 /* demo-weather-app-1 */,
			);
		};
/* End PBXProject section */

/* Begin PBXResourcesBuildPhase section */
		6F09BD50269D8AB000C4F619 /* Resources */ = {
			isa = PBXResourcesBuildPhase;
			buildActionMask = 2147483647;
			files = (
				6F09BD62269D8AB100C4F619 /* LaunchScreen.storyboard in Resources */,
				6F409B4C26A429B500801691 /* Assets.xcassets in Resources */,
				6F09BD5D269D8AB000C4F619 /* Main.storyboard in Resources */,
			);
			runOnlyForDeploymentPostprocessing = 0;
		};
/* End PBXResourcesBuildPhase section */

/* Begin PBXSourcesBuildPhase section */
		6F09BD4E269D8AB000C4F619 /* Sources */ = {
			isa = PBXSourcesBuildPhase;
			buildActionMask = 2147483647;
			files = (
				6F09BD5A269D8AB000C4F619 /* ViewController.swift in Sources */,
				6F09BD56269D8AB000C4F619 /* AppDelegate.swift in Sources */,
				6F259FF7269F03B4000D5C33 /* WeeklyJsonDataAsStruct.swift in Sources */,
				6F09BD73269DA74500C4F619 /* ApiCallingStruct.swift in Sources */,
				6F30A6DE26A53CD800518524 /* extension+Built+in+Classes.swift in Sources */,
				6F259FF3269ECD7C000D5C33 /* WeeklyViewController.swift in Sources */,
				6F09BD58269D8AB000C4F619 /* SceneDelegate.swift in Sources */,
				6F09BD76269DAF9600C4F619 /* JsonDataAsStruct.swift in Sources */,
			);
			runOnlyForDeploymentPostprocessing = 0;
		};
/* End PBXSourcesBuildPhase section */

/* Begin PBXVariantGroup section */
		6F09BD5B269D8AB000C4F619 /* Main.storyboard */ = {
			isa = PBXVariantGroup;
			children = (
				6F09BD5C269D8AB000C4F619 /* Base */,
			);
			name = Main.storyboard;
			sourceTree = "<group>";
		};
		6F09BD60269D8AB100C4F619 /* LaunchScreen.storyboard */ = {
			isa = PBXVariantGroup;
			children = (
				6F09BD61269D8AB100C4F619 /* Base */,
			);
			name = LaunchScreen.storyboard;
			sourceTree = "<group>";
		};
/* End PBXVariantGroup section */

/* Begin XCBuildConfiguration section */
		6F09BD64269D8AB100C4F619 /* Debug */ = {
			isa = XCBuildConfiguration;
			buildSettings = {
				ALWAYS_SEARCH_USER_PATHS = NO;
				CLANG_ANALYZER_NONNULL = YES;
				CLANG_ANALYZER_NUMBER_OBJECT_CONVERSION = YES_AGGRESSIVE;
				CLANG_CXX_LANGUAGE_STANDARD = "gnu++14";
				CLANG_CXX_LIBRARY = "libc++";
				CLANG_ENABLE_MODULES = YES;
				CLANG_ENABLE_OBJC_ARC = YES;
				CLANG_ENABLE_OBJC_WEAK = YES;
				CLANG_WARN_BLOCK_CAPTURE_AUTORELEASING = YES;
				CLANG_WARN_BOOL_CONVERSION = YES;
				CLANG_WARN_COMMA = YES;
				CLANG_WARN_CONSTANT_CONVERSION = YES;
				CLANG_WARN_DEPRECATED_OBJC_IMPLEMENTATIONS = YES;
				CLANG_WARN_DIRECT_OBJC_ISA_USAGE = YES_ERROR;
				CLANG_WARN_DOCUMENTATION_COMMENTS = YES;
				CLANG_WARN_EMPTY_BODY = YES;
				CLANG_WARN_ENUM_CONVERSION = YES;
				CLANG_WARN_INFINITE_RECURSION = YES;
				CLANG_WARN_INT_CONVERSION = YES;
				CLANG_WARN_NON_LITERAL_NULL_CONVERSION = YES;
				CLANG_WARN_OBJC_IMPLICIT_RETAIN_SELF = YES;
				CLANG_WARN_OBJC_LITERAL_CONVERSION = YES;
				CLANG_WARN_OBJC_ROOT_CLASS = YES_ERROR;
				CLANG_WARN_QUOTED_INCLUDE_IN_FRAMEWORK_HEADER = YES;
				CLANG_WARN_RANGE_LOOP_ANALYSIS = YES;
				CLANG_WARN_STRICT_PROTOTYPES = YES;
				CLANG_WARN_SUSPICIOUS_MOVE = YES;
				CLANG_WARN_UNGUARDED_AVAILABILITY = YES_AGGRESSIVE;
				CLANG_WARN_UNREACHABLE_CODE = YES;
				CLANG_WARN__DUPLICATE_METHOD_MATCH = YES;
				COPY_PHASE_STRIP = NO;
				DEBUG_INFORMATION_FORMAT = dwarf;
				ENABLE_STRICT_OBJC_MSGSEND = YES;
				ENABLE_TESTABILITY = YES;
				GCC_C_LANGUAGE_STANDARD = gnu11;
				GCC_DYNAMIC_NO_PIC = NO;
				GCC_NO_COMMON_BLOCKS = YES;
				GCC_OPTIMIZATION_LEVEL = 0;
				GCC_PREPROCESSOR_DEFINITIONS = (
					"DEBUG=1",
					"$(inherited)",
				);
				GCC_WARN_64_TO_32_BIT_CONVERSION = YES;
				GCC_WARN_ABOUT_RETURN_TYPE = YES_ERROR;
				GCC_WARN_UNDECLARED_SELECTOR = YES;
				GCC_WARN_UNINITIALIZED_AUTOS = YES_AGGRESSIVE;
				GCC_WARN_UNUSED_FUNCTION = YES;
				GCC_WARN_UNUSED_VARIABLE = YES;
				IPHONEOS_DEPLOYMENT_TARGET = 14.4;
				MTL_ENABLE_DEBUG_INFO = INCLUDE_SOURCE;
				MTL_FAST_MATH = YES;
				ONLY_ACTIVE_ARCH = YES;
				SDKROOT = iphoneos;
				SWIFT_ACTIVE_COMPILATION_CONDITIONS = DEBUG;
				SWIFT_OPTIMIZATION_LEVEL = "-Onone";
			};
			name = Debug;
		};
		6F09BD65269D8AB100C4F619 /* Release */ = {
			isa = XCBuildConfiguration;
			buildSettings = {
				ALWAYS_SEARCH_USER_PATHS = NO;
				CLANG_ANALYZER_NONNULL = YES;
				CLANG_ANALYZER_NUMBER_OBJECT_CONVERSION = YES_AGGRESSIVE;
				CLANG_CXX_LANGUAGE_STANDARD = "gnu++14";
				CLANG_CXX_LIBRARY = "libc++";
				CLANG_ENABLE_MODULES = YES;
				CLANG_ENABLE_OBJC_ARC = YES;
				CLANG_ENABLE_OBJC_WEAK = YES;
				CLANG_WARN_BLOCK_CAPTURE_AUTORELEASING = YES;
				CLANG_WARN_BOOL_CONVERSION = YES;
				CLANG_WARN_COMMA = YES;
				CLANG_WARN_CONSTANT_CONVERSION = YES;
				CLANG_WARN_DEPRECATED_OBJC_IMPLEMENTATIONS = YES;
				CLANG_WARN_DIRECT_OBJC_ISA_USAGE = YES_ERROR;
				CLANG_WARN_DOCUMENTATION_COMMENTS = YES;
				CLANG_WARN_EMPTY_BODY = YES;
				CLANG_WARN_ENUM_CONVERSION = YES;
				CLANG_WARN_INFINITE_RECURSION = YES;
				CLANG_WARN_INT_CONVERSION = YES;
				CLANG_WARN_NON_LITERAL_NULL_CONVERSION = YES;
				CLANG_WARN_OBJC_IMPLICIT_RETAIN_SELF = YES;
				CLANG_WARN_OBJC_LITERAL_CONVERSION = YES;
				CLANG_WARN_OBJC_ROOT_CLASS = YES_ERROR;
				CLANG_WARN_QUOTED_INCLUDE_IN_FRAMEWORK_HEADER = YES;
				CLANG_WARN_RANGE_LOOP_ANALYSIS = YES;
				CLANG_WARN_STRICT_PROTOTYPES = YES;
				CLANG_WARN_SUSPICIOUS_MOVE = YES;
				CLANG_WARN_UNGUARDED_AVAILABILITY = YES_AGGRESSIVE;
				CLANG_WARN_UNREACHABLE_CODE = YES;
				CLANG_WARN__DUPLICATE_METHOD_MATCH = YES;
				COPY_PHASE_STRIP = NO;
				DEBUG_INFORMATION_FORMAT = "dwarf-with-dsym";
				ENABLE_NS_ASSERTIONS = NO;
				ENABLE_STRICT_OBJC_MSGSEND = YES;
				GCC_C_LANGUAGE_STANDARD = gnu11;
				GCC_NO_COMMON_BLOCKS = YES;
				GCC_WARN_64_TO_32_BIT_CONVERSION = YES;
				GCC_WARN_ABOUT_RETURN_TYPE = YES_ERROR;
				GCC_WARN_UNDECLARED_SELECTOR = YES;
				GCC_WARN_UNINITIALIZED_AUTOS = YES_AGGRESSIVE;
				GCC_WARN_UNUSED_FUNCTION = YES;
				GCC_WARN_UNUSED_VARIABLE = YES;
				IPHONEOS_DEPLOYMENT_TARGET = 14.4;
				MTL_ENABLE_DEBUG_INFO = NO;
				MTL_FAST_MATH = YES;
				SDKROOT = iphoneos;
				SWIFT_COMPILATION_MODE = wholemodule;
				SWIFT_OPTIMIZATION_LEVEL = "-O";
				VALIDATE_PRODUCT = YES;
			};
			name = Release;
		};
		6F09BD67269D8AB100C4F619 /* Debug */ = {
			isa = XCBuildConfiguration;
			buildSettings = {
				ASSETCATALOG_COMPILER_APPICON_NAME = AppIcon;
				ASSETCATALOG_COMPILER_GLOBAL_ACCENT_COLOR_NAME = AccentColor;
				CODE_SIGN_STYLE = Automatic;
				DEVELOPMENT_TEAM = 5AC5M2KX9U;
				INFOPLIST_FILE = "demo-weather-app-1/Info.plist";
				LD_RUNPATH_SEARCH_PATHS = (
					"$(inherited)",
					"@executable_path/Frameworks",
				);
				PRODUCT_BUNDLE_IDENTIFIER = "daihan.welldev.io.demo-weather-app-1";
				PRODUCT_NAME = "$(TARGET_NAME)";
				SWIFT_VERSION = 5.0;
				TARGETED_DEVICE_FAMILY = "1,2";
			};
			name = Debug;
		};
		6F09BD68269D8AB100C4F619 /* Release */ = {
			isa = XCBuildConfiguration;
			buildSettings = {
				ASSETCATALOG_COMPILER_APPICON_NAME = AppIcon;
				ASSETCATALOG_COMPILER_GLOBAL_ACCENT_COLOR_NAME = AccentColor;
				CODE_SIGN_STYLE = Automatic;
				DEVELOPMENT_TEAM = 5AC5M2KX9U;
				INFOPLIST_FILE = "demo-weather-app-1/Info.plist";
				LD_RUNPATH_SEARCH_PATHS = (
					"$(inherited)",
					"@executable_path/Frameworks",
				);
				PRODUCT_BUNDLE_IDENTIFIER = "daihan.welldev.io.demo-weather-app-1";
				PRODUCT_NAME = "$(TARGET_NAME)";
				SWIFT_VERSION = 5.0;
				TARGETED_DEVICE_FAMILY = "1,2";
			};
			name = Release;
		};
/* End XCBuildConfiguration section */

/* Begin XCConfigurationList section */
		6F09BD4D269D8AB000C4F619 /* Build configuration list for PBXProject "demo-weather-app-1" */ = {
			isa = XCConfigurationList;
			buildConfigurations = (
				6F09BD64269D8AB100C4F619 /* Debug */,
				6F09BD65269D8AB100C4F619 /* Release */,
			);
			defaultConfigurationIsVisible = 0;
			defaultConfigurationName = Release;
		};
		6F09BD66269D8AB100C4F619 /* Build configuration list for PBXNativeTarget "demo-weather-app-1" */ = {
			isa = XCConfigurationList;
			buildConfigurations = (
				6F09BD67269D8AB100C4F619 /* Debug */,
				6F09BD68269D8AB100C4F619 /* Release */,
			);
			defaultConfigurationIsVisible = 0;
			defaultConfigurationName = Release;
		};
/* End XCConfigurationList section */
	};
	rootObject = 6F09BD4A269D8AB000C4F619 /* Project object */;
}
